
Microsoft Visual Studio Solution File, Format Version 12.00
# Visual Studio Version 17
VisualStudioVersion = 17.2.32630.192
MinimumVisualStudioVersion = 10.0.40219.1
Project("{2150E333-8FDC-42A3-9474-1A3956D46DE8}") = "src", "src", "{ECD738FF-7FB0-432B-9A4A-6AD1EC90AC52}"
EndProject
Project("{2150E333-8FDC-42A3-9474-1A3956D46DE8}") = "Solution Items", "Solution Items", "{46E8CA03-801E-4815-BFF2-39C1769DE840}"
	ProjectSection(SolutionItems) = preProject
		ServiceUrls.txt = ServiceUrls.txt
	EndProjectSection
EndProject
Project("{2150E333-8FDC-42A3-9474-1A3956D46DE8}") = "ApiGateways", "ApiGateways", "{AE0CF585-555A-4266-BBF3-BCA117D1E3A2}"
EndProject
Project("{2150E333-8FDC-42A3-9474-1A3956D46DE8}") = "BuildingBlocks", "BuildingBlocks", "{FCEEE7B3-AA5E-4D8B-9C7A-90D76264EC87}"
EndProject
Project("{2150E333-8FDC-42A3-9474-1A3956D46DE8}") = "Clients", "Clients", "{CE6F76EF-827D-47F0-A0E0-7B25C3697DD4}"
EndProject
Project("{2150E333-8FDC-42A3-9474-1A3956D46DE8}") = "BlazorWebApp", "BlazorWebApp", "{158B1083-AD4A-4334-A9B6-23C42462BA74}"
EndProject
Project("{2150E333-8FDC-42A3-9474-1A3956D46DE8}") = "WebApiGateway", "WebApiGateway", "{138EB0D8-8D12-4A64-872E-391DB4B93D14}"
EndProject
Project("{9A19103F-16F7-4668-BE54-9A1E7A4F7556}") = "Web.ApiGateway", "src\ApiGateways\WebApiGateway\Web.ApiGateway\Web.ApiGateway.csproj", "{9688C161-2D21-4003-ABA1-CF6AE36E5B85}"
EndProject
Project("{2150E333-8FDC-42A3-9474-1A3956D46DE8}") = "EventBus", "EventBus", "{F021EF80-59E9-434D-8C5D-4FE1D840D5E4}"
EndProject
Project("{9A19103F-16F7-4668-BE54-9A1E7A4F7556}") = "EventBus.Base", "src\BuildingBlocks\EventBus\EventBus.Base\EventBus.Base.csproj", "{021BA5E0-2301-4ECB-9E40-1484456A9AEB}"
EndProject
Project("{9A19103F-16F7-4668-BE54-9A1E7A4F7556}") = "EventBus.Factory", "src\BuildingBlocks\EventBus\EventBus.Factory\EventBus.Factory.csproj", "{B741C9D2-792D-4FF6-B290-361DAEBCCC4A}"
EndProject
Project("{9A19103F-16F7-4668-BE54-9A1E7A4F7556}") = "EventBus.AzureServiceBus", "src\BuildingBlocks\EventBus\EventBus.AzureServiceBus\EventBus.AzureServiceBus.csproj", "{B771927E-3B9C-4556-B5B0-B8CC035B62D8}"
EndProject
Project("{FAE04EC0-301F-11D3-BF4B-00C04F79EFBC}") = "EventBus.RabbitMQ", "src\BuildingBlocks\EventBus\EventBus.RabbitMQ\EventBus.RabbitMQ.csproj", "{A2DBB7E1-C6C1-4BD4-87EF-F6443810FDB9}"
EndProject
Project("{9A19103F-16F7-4668-BE54-9A1E7A4F7556}") = "WebApp", "src\Clients\BlazorWebApp\WebApp\WebApp.csproj", "{6B21A3A6-62D9-4D75-84EC-8002D2844253}"
EndProject
Project("{2150E333-8FDC-42A3-9474-1A3956D46DE8}") = "Services", "Services", "{4478A60F-1AE0-4657-A460-997AB5F7ECDD}"
EndProject
Project("{2150E333-8FDC-42A3-9474-1A3956D46DE8}") = "NotificationService", "NotificationService", "{FC22A66E-BA65-4D78-8314-AA297648345B}"
EndProject
Project("{9A19103F-16F7-4668-BE54-9A1E7A4F7556}") = "NotificationService", "src\Services\NotificationService\NotificationService\NotificationService.csproj", "{3D9910DE-AAF8-42B5-91AF-E4FBE6DC20E3}"
EndProject
Project("{2150E333-8FDC-42A3-9474-1A3956D46DE8}") = "OrderService", "OrderService", "{DEC1EEA3-B3C9-4CE7-851C-BE9C0DB8020F}"
EndProject
Project("{9A19103F-16F7-4668-BE54-9A1E7A4F7556}") = "OrderService.Api", "src\Services\OrderService\OrderService.Api\OrderService.Api.csproj", "{E32FDA7B-E947-4B58-A66F-E27ABC19F053}"
EndProject
Project("{9A19103F-16F7-4668-BE54-9A1E7A4F7556}") = "OrderService.Application", "src\Services\OrderService\OrderService.Application\OrderService.Application.csproj", "{D2149773-19C7-41EB-9EAE-91AAD8102307}"
EndProject
Project("{9A19103F-16F7-4668-BE54-9A1E7A4F7556}") = "OrderService.Domain", "src\Services\OrderService\OrderService.Domain\OrderService.Domain.csproj", "{836E3DFD-54EF-44D8-BE69-5350754E2AC4}"
EndProject
Project("{9A19103F-16F7-4668-BE54-9A1E7A4F7556}") = "OrderService.Infrastructure", "src\Services\OrderService\OrderService.Infrastructure\OrderService.Infrastructure.csproj", "{215B9DBA-59FF-4F61-B499-6B3EFB84D0BF}"
EndProject
Project("{2150E333-8FDC-42A3-9474-1A3956D46DE8}") = "PaymentService", "PaymentService", "{B70C36ED-D335-4D39-B8B0-60DDFC546248}"
EndProject
Project("{9A19103F-16F7-4668-BE54-9A1E7A4F7556}") = "PaymentService.Api", "src\Services\PaymentService\PaymentService.Api\PaymentService.Api.csproj", "{A5D58AD0-D5F4-4531-981E-26C67490014C}"
EndProject
Project("{2150E333-8FDC-42A3-9474-1A3956D46DE8}") = "IdentityService", "IdentityService", "{FD4C7E61-8AFF-4F56-9737-9A8ABA4FA306}"
EndProject
Project("{9A19103F-16F7-4668-BE54-9A1E7A4F7556}") = "IdentityService.Api", "src\Services\IdentityService\IdentityService.Api\IdentityService.Api.csproj", "{57B71594-D78F-495B-9CF1-EA32C7CD0FF4}"
EndProject
Project("{2150E333-8FDC-42A3-9474-1A3956D46DE8}") = "CatalogService", "CatalogService", "{62530B2C-1AA3-418D-8250-621E95A5D0BC}"
EndProject
Project("{2150E333-8FDC-42A3-9474-1A3956D46DE8}") = "BasketService", "BasketService", "{7B6884A6-2FEE-4E73-BD93-D8D57635161C}"
EndProject
Project("{9A19103F-16F7-4668-BE54-9A1E7A4F7556}") = "CatalogService.Api", "src\Services\CatalogService\CatalogService.Api\CatalogService.Api.csproj", "{66C90912-8033-442D-8124-0E3E3C156371}"
EndProject
Project("{9A19103F-16F7-4668-BE54-9A1E7A4F7556}") = "BasketService.Api", "src\Services\BasketService\BasketService.Api\BasketService.Api.csproj", "{5C6CD4AA-D591-4C36-AFA1-AD4B6CC10B7E}"
EndProject
Global
	GlobalSection(SolutionConfigurationPlatforms) = preSolution
		Debug|Any CPU = Debug|Any CPU
		Release|Any CPU = Release|Any CPU
	EndGlobalSection
	GlobalSection(ProjectConfigurationPlatforms) = postSolution
		{9688C161-2D21-4003-ABA1-CF6AE36E5B85}.Debug|Any CPU.ActiveCfg = Debug|Any CPU
		{9688C161-2D21-4003-ABA1-CF6AE36E5B85}.Debug|Any CPU.Build.0 = Debug|Any CPU
		{9688C161-2D21-4003-ABA1-CF6AE36E5B85}.Release|Any CPU.ActiveCfg = Release|Any CPU
		{9688C161-2D21-4003-ABA1-CF6AE36E5B85}.Release|Any CPU.Build.0 = Release|Any CPU
		{021BA5E0-2301-4ECB-9E40-1484456A9AEB}.Debug|Any CPU.ActiveCfg = Debug|Any CPU
		{021BA5E0-2301-4ECB-9E40-1484456A9AEB}.Debug|Any CPU.Build.0 = Debug|Any CPU
		{021BA5E0-2301-4ECB-9E40-1484456A9AEB}.Release|Any CPU.ActiveCfg = Release|Any CPU
		{021BA5E0-2301-4ECB-9E40-1484456A9AEB}.Release|Any CPU.Build.0 = Release|Any CPU
		{B741C9D2-792D-4FF6-B290-361DAEBCCC4A}.Debug|Any CPU.ActiveCfg = Debug|Any CPU
		{B741C9D2-792D-4FF6-B290-361DAEBCCC4A}.Debug|Any CPU.Build.0 = Debug|Any CPU
		{B741C9D2-792D-4FF6-B290-361DAEBCCC4A}.Release|Any CPU.ActiveCfg = Release|Any CPU
		{B741C9D2-792D-4FF6-B290-361DAEBCCC4A}.Release|Any CPU.Build.0 = Release|Any CPU
		{B771927E-3B9C-4556-B5B0-B8CC035B62D8}.Debug|Any CPU.ActiveCfg = Debug|Any CPU
		{B771927E-3B9C-4556-B5B0-B8CC035B62D8}.Debug|Any CPU.Build.0 = Debug|Any CPU
		{B771927E-3B9C-4556-B5B0-B8CC035B62D8}.Release|Any CPU.ActiveCfg = Release|Any CPU
		{B771927E-3B9C-4556-B5B0-B8CC035B62D8}.Release|Any CPU.Build.0 = Release|Any CPU
		{A2DBB7E1-C6C1-4BD4-87EF-F6443810FDB9}.Debug|Any CPU.ActiveCfg = Debug|Any CPU
		{A2DBB7E1-C6C1-4BD4-87EF-F6443810FDB9}.Debug|Any CPU.Build.0 = Debug|Any CPU
		{A2DBB7E1-C6C1-4BD4-87EF-F6443810FDB9}.Release|Any CPU.ActiveCfg = Release|Any CPU
		{A2DBB7E1-C6C1-4BD4-87EF-F6443810FDB9}.Release|Any CPU.Build.0 = Release|Any CPU
		{6B21A3A6-62D9-4D75-84EC-8002D2844253}.Debug|Any CPU.ActiveCfg = Debug|Any CPU
		{6B21A3A6-62D9-4D75-84EC-8002D2844253}.Debug|Any CPU.Build.0 = Debug|Any CPU
		{6B21A3A6-62D9-4D75-84EC-8002D2844253}.Release|Any CPU.ActiveCfg = Release|Any CPU
		{6B21A3A6-62D9-4D75-84EC-8002D2844253}.Release|Any CPU.Build.0 = Release|Any CPU
		{3D9910DE-AAF8-42B5-91AF-E4FBE6DC20E3}.Debug|Any CPU.ActiveCfg = Debug|Any CPU
		{3D9910DE-AAF8-42B5-91AF-E4FBE6DC20E3}.Debug|Any CPU.Build.0 = Debug|Any CPU
		{3D9910DE-AAF8-42B5-91AF-E4FBE6DC20E3}.Release|Any CPU.ActiveCfg = Release|Any CPU
		{3D9910DE-AAF8-42B5-91AF-E4FBE6DC20E3}.Release|Any CPU.Build.0 = Release|Any CPU
		{E32FDA7B-E947-4B58-A66F-E27ABC19F053}.Debug|Any CPU.ActiveCfg = Debug|Any CPU
		{E32FDA7B-E947-4B58-A66F-E27ABC19F053}.Debug|Any CPU.Build.0 = Debug|Any CPU
		{E32FDA7B-E947-4B58-A66F-E27ABC19F053}.Release|Any CPU.ActiveCfg = Release|Any CPU
		{E32FDA7B-E947-4B58-A66F-E27ABC19F053}.Release|Any CPU.Build.0 = Release|Any CPU
		{D2149773-19C7-41EB-9EAE-91AAD8102307}.Debug|Any CPU.ActiveCfg = Debug|Any CPU
		{D2149773-19C7-41EB-9EAE-91AAD8102307}.Debug|Any CPU.Build.0 = Debug|Any CPU
		{D2149773-19C7-41EB-9EAE-91AAD8102307}.Release|Any CPU.ActiveCfg = Release|Any CPU
		{D2149773-19C7-41EB-9EAE-91AAD8102307}.Release|Any CPU.Build.0 = Release|Any CPU
		{836E3DFD-54EF-44D8-BE69-5350754E2AC4}.Debug|Any CPU.ActiveCfg = Debug|Any CPU
		{836E3DFD-54EF-44D8-BE69-5350754E2AC4}.Debug|Any CPU.Build.0 = Debug|Any CPU
		{836E3DFD-54EF-44D8-BE69-5350754E2AC4}.Release|Any CPU.ActiveCfg = Release|Any CPU
		{836E3DFD-54EF-44D8-BE69-5350754E2AC4}.Release|Any CPU.Build.0 = Release|Any CPU
		{215B9DBA-59FF-4F61-B499-6B3EFB84D0BF}.Debug|Any CPU.ActiveCfg = Debug|Any CPU
		{215B9DBA-59FF-4F61-B499-6B3EFB84D0BF}.Debug|Any CPU.Build.0 = Debug|Any CPU
		{215B9DBA-59FF-4F61-B499-6B3EFB84D0BF}.Release|Any CPU.ActiveCfg = Release|Any CPU
		{215B9DBA-59FF-4F61-B499-6B3EFB84D0BF}.Release|Any CPU.Build.0 = Release|Any CPU
		{A5D58AD0-D5F4-4531-981E-26C67490014C}.Debug|Any CPU.ActiveCfg = Debug|Any CPU
		{A5D58AD0-D5F4-4531-981E-26C67490014C}.Debug|Any CPU.Build.0 = Debug|Any CPU
		{A5D58AD0-D5F4-4531-981E-26C67490014C}.Release|Any CPU.ActiveCfg = Release|Any CPU
		{A5D58AD0-D5F4-4531-981E-26C67490014C}.Release|Any CPU.Build.0 = Release|Any CPU
		{57B71594-D78F-495B-9CF1-EA32C7CD0FF4}.Debug|Any CPU.ActiveCfg = Debug|Any CPU
		{57B71594-D78F-495B-9CF1-EA32C7CD0FF4}.Debug|Any CPU.Build.0 = Debug|Any CPU
		{57B71594-D78F-495B-9CF1-EA32C7CD0FF4}.Release|Any CPU.ActiveCfg = Release|Any CPU
		{57B71594-D78F-495B-9CF1-EA32C7CD0FF4}.Release|Any CPU.Build.0 = Release|Any CPU
		{66C90912-8033-442D-8124-0E3E3C156371}.Debug|Any CPU.ActiveCfg = Debug|Any CPU
		{66C90912-8033-442D-8124-0E3E3C156371}.Debug|Any CPU.Build.0 = Debug|Any CPU
		{66C90912-8033-442D-8124-0E3E3C156371}.Release|Any CPU.ActiveCfg = Release|Any CPU
		{66C90912-8033-442D-8124-0E3E3C156371}.Release|Any CPU.Build.0 = Release|Any CPU
		{5C6CD4AA-D591-4C36-AFA1-AD4B6CC10B7E}.Debug|Any CPU.ActiveCfg = Debug|Any CPU
		{5C6CD4AA-D591-4C36-AFA1-AD4B6CC10B7E}.Debug|Any CPU.Build.0 = Debug|Any CPU
		{5C6CD4AA-D591-4C36-AFA1-AD4B6CC10B7E}.Release|Any CPU.ActiveCfg = Release|Any CPU
		{5C6CD4AA-D591-4C36-AFA1-AD4B6CC10B7E}.Release|Any CPU.Build.0 = Release|Any CPU
	EndGlobalSection
	GlobalSection(SolutionProperties) = preSolution
		HideSolutionNode = FALSE
	EndGlobalSection
	GlobalSection(NestedProjects) = preSolution
		{AE0CF585-555A-4266-BBF3-BCA117D1E3A2} = {ECD738FF-7FB0-432B-9A4A-6AD1EC90AC52}
		{FCEEE7B3-AA5E-4D8B-9C7A-90D76264EC87} = {ECD738FF-7FB0-432B-9A4A-6AD1EC90AC52}
		{CE6F76EF-827D-47F0-A0E0-7B25C3697DD4} = {ECD738FF-7FB0-432B-9A4A-6AD1EC90AC52}
		{158B1083-AD4A-4334-A9B6-23C42462BA74} = {CE6F76EF-827D-47F0-A0E0-7B25C3697DD4}
		{138EB0D8-8D12-4A64-872E-391DB4B93D14} = {AE0CF585-555A-4266-BBF3-BCA117D1E3A2}
		{9688C161-2D21-4003-ABA1-CF6AE36E5B85} = {138EB0D8-8D12-4A64-872E-391DB4B93D14}
		{F021EF80-59E9-434D-8C5D-4FE1D840D5E4} = {FCEEE7B3-AA5E-4D8B-9C7A-90D76264EC87}
		{021BA5E0-2301-4ECB-9E40-1484456A9AEB} = {F021EF80-59E9-434D-8C5D-4FE1D840D5E4}
		{B741C9D2-792D-4FF6-B290-361DAEBCCC4A} = {F021EF80-59E9-434D-8C5D-4FE1D840D5E4}
		{B771927E-3B9C-4556-B5B0-B8CC035B62D8} = {F021EF80-59E9-434D-8C5D-4FE1D840D5E4}
		{A2DBB7E1-C6C1-4BD4-87EF-F6443810FDB9} = {F021EF80-59E9-434D-8C5D-4FE1D840D5E4}
		{6B21A3A6-62D9-4D75-84EC-8002D2844253} = {158B1083-AD4A-4334-A9B6-23C42462BA74}
		{4478A60F-1AE0-4657-A460-997AB5F7ECDD} = {ECD738FF-7FB0-432B-9A4A-6AD1EC90AC52}
		{FC22A66E-BA65-4D78-8314-AA297648345B} = {4478A60F-1AE0-4657-A460-997AB5F7ECDD}
		{3D9910DE-AAF8-42B5-91AF-E4FBE6DC20E3} = {FC22A66E-BA65-4D78-8314-AA297648345B}
		{DEC1EEA3-B3C9-4CE7-851C-BE9C0DB8020F} = {4478A60F-1AE0-4657-A460-997AB5F7ECDD}
		{E32FDA7B-E947-4B58-A66F-E27ABC19F053} = {DEC1EEA3-B3C9-4CE7-851C-BE9C0DB8020F}
		{D2149773-19C7-41EB-9EAE-91AAD8102307} = {DEC1EEA3-B3C9-4CE7-851C-BE9C0DB8020F}
		{836E3DFD-54EF-44D8-BE69-5350754E2AC4} = {DEC1EEA3-B3C9-4CE7-851C-BE9C0DB8020F}
		{215B9DBA-59FF-4F61-B499-6B3EFB84D0BF} = {DEC1EEA3-B3C9-4CE7-851C-BE9C0DB8020F}
		{B70C36ED-D335-4D39-B8B0-60DDFC546248} = {4478A60F-1AE0-4657-A460-997AB5F7ECDD}
		{A5D58AD0-D5F4-4531-981E-26C67490014C} = {B70C36ED-D335-4D39-B8B0-60DDFC546248}
		{FD4C7E61-8AFF-4F56-9737-9A8ABA4FA306} = {4478A60F-1AE0-4657-A460-997AB5F7ECDD}
		{57B71594-D78F-495B-9CF1-EA32C7CD0FF4} = {FD4C7E61-8AFF-4F56-9737-9A8ABA4FA306}
		{62530B2C-1AA3-418D-8250-621E95A5D0BC} = {4478A60F-1AE0-4657-A460-997AB5F7ECDD}
		{7B6884A6-2FEE-4E73-BD93-D8D57635161C} = {4478A60F-1AE0-4657-A460-997AB5F7ECDD}
		{66C90912-8033-442D-8124-0E3E3C156371} = {62530B2C-1AA3-418D-8250-621E95A5D0BC}
		{5C6CD4AA-D591-4C36-AFA1-AD4B6CC10B7E} = {7B6884A6-2FEE-4E73-BD93-D8D57635161C}
	EndGlobalSection
	GlobalSection(ExtensibilityGlobals) = postSolution
		SolutionGuid = {66175744-4D7E-445D-8872-34AF2F08C96B}
	EndGlobalSection
EndGlobal
