
Microsoft Visual Studio Solution File, Format Version 12.00
# Visual Studio Version 17
VisualStudioVersion = 17.2.32630.192
MinimumVisualStudioVersion = 10.0.40219.1
Project("{2150E333-8FDC-42A3-9474-1A3956D46DE8}") = "src", "src", "{ECD738FF-7FB0-432B-9A4A-6AD1EC90AC52}"
EndProject
Project("{2150E333-8FDC-42A3-9474-1A3956D46DE8}") = "Solution Items", "Solution Items", "{46E8CA03-801E-4815-BFF2-39C1769DE840}"
	ProjectSection(SolutionItems) = preProject
		ServiceUrls.txt = ServiceUrls.txt
	EndProjectSection
EndProject
Project("{2150E333-8FDC-42A3-9474-1A3956D46DE8}") = "ApiGateways", "ApiGateways", "{AE0CF585-555A-4266-BBF3-BCA117D1E3A2}"
EndProject
Project("{2150E333-8FDC-42A3-9474-1A3956D46DE8}") = "BuildingBlocks", "BuildingBlocks", "{FCEEE7B3-AA5E-4D8B-9C7A-90D76264EC87}"
EndProject
Project("{2150E333-8FDC-42A3-9474-1A3956D46DE8}") = "Services", "Services", "{CEDFC9E7-36C8-435F-87C9-66948DF3AE1F}"
EndProject
Project("{2150E333-8FDC-42A3-9474-1A3956D46DE8}") = "Clients", "Clients", "{CE6F76EF-827D-47F0-A0E0-7B25C3697DD4}"
EndProject
Project("{2150E333-8FDC-42A3-9474-1A3956D46DE8}") = "BlazorWebApp", "BlazorWebApp", "{158B1083-AD4A-4334-A9B6-23C42462BA74}"
EndProject
Project("{2150E333-8FDC-42A3-9474-1A3956D46DE8}") = "WebApiGateway", "WebApiGateway", "{138EB0D8-8D12-4A64-872E-391DB4B93D14}"
EndProject
Project("{FAE04EC0-301F-11D3-BF4B-00C04F79EFBC}") = "Web.ApiGateway", "src\ApiGateways\WebApiGateway\Web.ApiGateway\Web.ApiGateway.csproj", "{9688C161-2D21-4003-ABA1-CF6AE36E5B85}"
EndProject
Project("{2150E333-8FDC-42A3-9474-1A3956D46DE8}") = "EventBus", "EventBus", "{F021EF80-59E9-434D-8C5D-4FE1D840D5E4}"
EndProject
Project("{FAE04EC0-301F-11D3-BF4B-00C04F79EFBC}") = "EventBus.Base", "src\BuildingBlocks\EventBus\EventBus.Base\EventBus.Base.csproj", "{021BA5E0-2301-4ECB-9E40-1484456A9AEB}"
EndProject
Project("{FAE04EC0-301F-11D3-BF4B-00C04F79EFBC}") = "EventBus.Factory", "src\BuildingBlocks\EventBus\EventBus.Factory\EventBus.Factory.csproj", "{B741C9D2-792D-4FF6-B290-361DAEBCCC4A}"
EndProject
Project("{FAE04EC0-301F-11D3-BF4B-00C04F79EFBC}") = "EventBus.AzureServiceBus", "src\BuildingBlocks\EventBus\EventBus.AzureServiceBus\EventBus.AzureServiceBus.csproj", "{B771927E-3B9C-4556-B5B0-B8CC035B62D8}"
EndProject
Project("{FAE04EC0-301F-11D3-BF4B-00C04F79EFBC}") = "EventBus.RabbitMQ", "EventBus.RabbitMQ\EventBus.RabbitMQ.csproj", "{A2DBB7E1-C6C1-4BD4-87EF-F6443810FDB9}"
EndProject
Project("{FAE04EC0-301F-11D3-BF4B-00C04F79EFBC}") = "WebApp", "src\Clients\BlazorWebApp\WebApp\WebApp.csproj", "{6B21A3A6-62D9-4D75-84EC-8002D2844253}"
EndProject
Project("{2150E333-8FDC-42A3-9474-1A3956D46DE8}") = "BasketService", "BasketService", "{2071E21F-8C66-4908-B43A-1BC0200B997E}"
EndProject
Project("{FAE04EC0-301F-11D3-BF4B-00C04F79EFBC}") = "BasketService.Api", "src\Service\BasketService\BasketService.Api\BasketService.Api.csproj", "{602645E8-89DA-4E14-B115-91584B00B122}"
EndProject
Project("{2150E333-8FDC-42A3-9474-1A3956D46DE8}") = "CatalogService", "CatalogService", "{0A434CF0-A862-4CBB-AA3B-18F1DE5D1F33}"
EndProject
Project("{2150E333-8FDC-42A3-9474-1A3956D46DE8}") = "IdentityService", "IdentityService", "{45B8ABB9-0325-40AC-8F09-E15C7C4030D1}"
EndProject
Project("{FAE04EC0-301F-11D3-BF4B-00C04F79EFBC}") = "IdentityService.Api", "src\Service\IdentityService\IdentityService.Api\IdentityService.Api.csproj", "{F0BB6571-E502-4342-B053-3A90FE9BB356}"
EndProject
Project("{2150E333-8FDC-42A3-9474-1A3956D46DE8}") = "NotificationService", "NotificationService", "{1EC9A8AA-F783-4F62-95AB-05A40CF297A9}"
EndProject
Project("{FAE04EC0-301F-11D3-BF4B-00C04F79EFBC}") = "NotificationService", "src\Service\NotificationService\NotificationService\NotificationService.csproj", "{E32FC50D-D1F3-4FB6-B184-EB320F154D7C}"
EndProject
Project("{2150E333-8FDC-42A3-9474-1A3956D46DE8}") = "OrderService", "OrderService", "{CF679052-4F8B-43D4-A475-664CCA935F3E}"
EndProject
Project("{FAE04EC0-301F-11D3-BF4B-00C04F79EFBC}") = "OrderService.Domain", "src\Service\OrderService\OrderService.Api\OrderService.Domain\OrderService.Domain.csproj", "{69FFF4DC-5DCA-4530-92B8-3D8FD7FD60E3}"
EndProject
Project("{FAE04EC0-301F-11D3-BF4B-00C04F79EFBC}") = "OrderService.Application", "src\Service\OrderService\OrderService.Application\OrderService.Application.csproj", "{6DA679B3-CDB9-4E0F-B2EC-681223A0185B}"
EndProject
Project("{FAE04EC0-301F-11D3-BF4B-00C04F79EFBC}") = "OrderService.Infrastructure", "src\Service\OrderService\OrderService.Infrastructure\OrderService.Infrastructure.csproj", "{E7FD70B9-6742-4062-9201-5037C6B39752}"
EndProject
Global
	GlobalSection(SolutionConfigurationPlatforms) = preSolution
		Debug|Any CPU = Debug|Any CPU
		Release|Any CPU = Release|Any CPU
	EndGlobalSection
	GlobalSection(ProjectConfigurationPlatforms) = postSolution
		{9688C161-2D21-4003-ABA1-CF6AE36E5B85}.Debug|Any CPU.ActiveCfg = Debug|Any CPU
		{9688C161-2D21-4003-ABA1-CF6AE36E5B85}.Debug|Any CPU.Build.0 = Debug|Any CPU
		{9688C161-2D21-4003-ABA1-CF6AE36E5B85}.Release|Any CPU.ActiveCfg = Release|Any CPU
		{9688C161-2D21-4003-ABA1-CF6AE36E5B85}.Release|Any CPU.Build.0 = Release|Any CPU
		{021BA5E0-2301-4ECB-9E40-1484456A9AEB}.Debug|Any CPU.ActiveCfg = Debug|Any CPU
		{021BA5E0-2301-4ECB-9E40-1484456A9AEB}.Debug|Any CPU.Build.0 = Debug|Any CPU
		{021BA5E0-2301-4ECB-9E40-1484456A9AEB}.Release|Any CPU.ActiveCfg = Release|Any CPU
		{021BA5E0-2301-4ECB-9E40-1484456A9AEB}.Release|Any CPU.Build.0 = Release|Any CPU
		{B741C9D2-792D-4FF6-B290-361DAEBCCC4A}.Debug|Any CPU.ActiveCfg = Debug|Any CPU
		{B741C9D2-792D-4FF6-B290-361DAEBCCC4A}.Debug|Any CPU.Build.0 = Debug|Any CPU
		{B741C9D2-792D-4FF6-B290-361DAEBCCC4A}.Release|Any CPU.ActiveCfg = Release|Any CPU
		{B741C9D2-792D-4FF6-B290-361DAEBCCC4A}.Release|Any CPU.Build.0 = Release|Any CPU
		{B771927E-3B9C-4556-B5B0-B8CC035B62D8}.Debug|Any CPU.ActiveCfg = Debug|Any CPU
		{B771927E-3B9C-4556-B5B0-B8CC035B62D8}.Debug|Any CPU.Build.0 = Debug|Any CPU
		{B771927E-3B9C-4556-B5B0-B8CC035B62D8}.Release|Any CPU.ActiveCfg = Release|Any CPU
		{B771927E-3B9C-4556-B5B0-B8CC035B62D8}.Release|Any CPU.Build.0 = Release|Any CPU
		{A2DBB7E1-C6C1-4BD4-87EF-F6443810FDB9}.Debug|Any CPU.ActiveCfg = Debug|Any CPU
		{A2DBB7E1-C6C1-4BD4-87EF-F6443810FDB9}.Debug|Any CPU.Build.0 = Debug|Any CPU
		{A2DBB7E1-C6C1-4BD4-87EF-F6443810FDB9}.Release|Any CPU.ActiveCfg = Release|Any CPU
		{A2DBB7E1-C6C1-4BD4-87EF-F6443810FDB9}.Release|Any CPU.Build.0 = Release|Any CPU
		{6B21A3A6-62D9-4D75-84EC-8002D2844253}.Debug|Any CPU.ActiveCfg = Debug|Any CPU
		{6B21A3A6-62D9-4D75-84EC-8002D2844253}.Debug|Any CPU.Build.0 = Debug|Any CPU
		{6B21A3A6-62D9-4D75-84EC-8002D2844253}.Release|Any CPU.ActiveCfg = Release|Any CPU
		{6B21A3A6-62D9-4D75-84EC-8002D2844253}.Release|Any CPU.Build.0 = Release|Any CPU
		{602645E8-89DA-4E14-B115-91584B00B122}.Debug|Any CPU.ActiveCfg = Debug|Any CPU
		{602645E8-89DA-4E14-B115-91584B00B122}.Debug|Any CPU.Build.0 = Debug|Any CPU
		{602645E8-89DA-4E14-B115-91584B00B122}.Release|Any CPU.ActiveCfg = Release|Any CPU
		{602645E8-89DA-4E14-B115-91584B00B122}.Release|Any CPU.Build.0 = Release|Any CPU
		{F0BB6571-E502-4342-B053-3A90FE9BB356}.Debug|Any CPU.ActiveCfg = Debug|Any CPU
		{F0BB6571-E502-4342-B053-3A90FE9BB356}.Debug|Any CPU.Build.0 = Debug|Any CPU
		{F0BB6571-E502-4342-B053-3A90FE9BB356}.Release|Any CPU.ActiveCfg = Release|Any CPU
		{F0BB6571-E502-4342-B053-3A90FE9BB356}.Release|Any CPU.Build.0 = Release|Any CPU
		{E32FC50D-D1F3-4FB6-B184-EB320F154D7C}.Debug|Any CPU.ActiveCfg = Debug|Any CPU
		{E32FC50D-D1F3-4FB6-B184-EB320F154D7C}.Debug|Any CPU.Build.0 = Debug|Any CPU
		{E32FC50D-D1F3-4FB6-B184-EB320F154D7C}.Release|Any CPU.ActiveCfg = Release|Any CPU
		{E32FC50D-D1F3-4FB6-B184-EB320F154D7C}.Release|Any CPU.Build.0 = Release|Any CPU
		{69FFF4DC-5DCA-4530-92B8-3D8FD7FD60E3}.Debug|Any CPU.ActiveCfg = Debug|Any CPU
		{69FFF4DC-5DCA-4530-92B8-3D8FD7FD60E3}.Debug|Any CPU.Build.0 = Debug|Any CPU
		{69FFF4DC-5DCA-4530-92B8-3D8FD7FD60E3}.Release|Any CPU.ActiveCfg = Release|Any CPU
		{69FFF4DC-5DCA-4530-92B8-3D8FD7FD60E3}.Release|Any CPU.Build.0 = Release|Any CPU
		{6DA679B3-CDB9-4E0F-B2EC-681223A0185B}.Debug|Any CPU.ActiveCfg = Debug|Any CPU
		{6DA679B3-CDB9-4E0F-B2EC-681223A0185B}.Debug|Any CPU.Build.0 = Debug|Any CPU
		{6DA679B3-CDB9-4E0F-B2EC-681223A0185B}.Release|Any CPU.ActiveCfg = Release|Any CPU
		{6DA679B3-CDB9-4E0F-B2EC-681223A0185B}.Release|Any CPU.Build.0 = Release|Any CPU
		{E7FD70B9-6742-4062-9201-5037C6B39752}.Debug|Any CPU.ActiveCfg = Debug|Any CPU
		{E7FD70B9-6742-4062-9201-5037C6B39752}.Debug|Any CPU.Build.0 = Debug|Any CPU
		{E7FD70B9-6742-4062-9201-5037C6B39752}.Release|Any CPU.ActiveCfg = Release|Any CPU
		{E7FD70B9-6742-4062-9201-5037C6B39752}.Release|Any CPU.Build.0 = Release|Any CPU
	EndGlobalSection
	GlobalSection(SolutionProperties) = preSolution
		HideSolutionNode = FALSE
	EndGlobalSection
	GlobalSection(NestedProjects) = preSolution
		{AE0CF585-555A-4266-BBF3-BCA117D1E3A2} = {ECD738FF-7FB0-432B-9A4A-6AD1EC90AC52}
		{FCEEE7B3-AA5E-4D8B-9C7A-90D76264EC87} = {ECD738FF-7FB0-432B-9A4A-6AD1EC90AC52}
		{CEDFC9E7-36C8-435F-87C9-66948DF3AE1F} = {ECD738FF-7FB0-432B-9A4A-6AD1EC90AC52}
		{CE6F76EF-827D-47F0-A0E0-7B25C3697DD4} = {ECD738FF-7FB0-432B-9A4A-6AD1EC90AC52}
		{158B1083-AD4A-4334-A9B6-23C42462BA74} = {CE6F76EF-827D-47F0-A0E0-7B25C3697DD4}
		{138EB0D8-8D12-4A64-872E-391DB4B93D14} = {AE0CF585-555A-4266-BBF3-BCA117D1E3A2}
		{9688C161-2D21-4003-ABA1-CF6AE36E5B85} = {138EB0D8-8D12-4A64-872E-391DB4B93D14}
		{F021EF80-59E9-434D-8C5D-4FE1D840D5E4} = {FCEEE7B3-AA5E-4D8B-9C7A-90D76264EC87}
		{021BA5E0-2301-4ECB-9E40-1484456A9AEB} = {F021EF80-59E9-434D-8C5D-4FE1D840D5E4}
		{B741C9D2-792D-4FF6-B290-361DAEBCCC4A} = {F021EF80-59E9-434D-8C5D-4FE1D840D5E4}
		{B771927E-3B9C-4556-B5B0-B8CC035B62D8} = {F021EF80-59E9-434D-8C5D-4FE1D840D5E4}
		{A2DBB7E1-C6C1-4BD4-87EF-F6443810FDB9} = {F021EF80-59E9-434D-8C5D-4FE1D840D5E4}
		{6B21A3A6-62D9-4D75-84EC-8002D2844253} = {158B1083-AD4A-4334-A9B6-23C42462BA74}
		{2071E21F-8C66-4908-B43A-1BC0200B997E} = {CEDFC9E7-36C8-435F-87C9-66948DF3AE1F}
		{602645E8-89DA-4E14-B115-91584B00B122} = {2071E21F-8C66-4908-B43A-1BC0200B997E}
		{0A434CF0-A862-4CBB-AA3B-18F1DE5D1F33} = {CEDFC9E7-36C8-435F-87C9-66948DF3AE1F}
		{45B8ABB9-0325-40AC-8F09-E15C7C4030D1} = {CEDFC9E7-36C8-435F-87C9-66948DF3AE1F}
		{F0BB6571-E502-4342-B053-3A90FE9BB356} = {45B8ABB9-0325-40AC-8F09-E15C7C4030D1}
		{1EC9A8AA-F783-4F62-95AB-05A40CF297A9} = {CEDFC9E7-36C8-435F-87C9-66948DF3AE1F}
		{E32FC50D-D1F3-4FB6-B184-EB320F154D7C} = {1EC9A8AA-F783-4F62-95AB-05A40CF297A9}
		{CF679052-4F8B-43D4-A475-664CCA935F3E} = {CEDFC9E7-36C8-435F-87C9-66948DF3AE1F}
		{69FFF4DC-5DCA-4530-92B8-3D8FD7FD60E3} = {CF679052-4F8B-43D4-A475-664CCA935F3E}
		{6DA679B3-CDB9-4E0F-B2EC-681223A0185B} = {CF679052-4F8B-43D4-A475-664CCA935F3E}
		{E7FD70B9-6742-4062-9201-5037C6B39752} = {CF679052-4F8B-43D4-A475-664CCA935F3E}
	EndGlobalSection
	GlobalSection(ExtensibilityGlobals) = postSolution
		SolutionGuid = {66175744-4D7E-445D-8872-34AF2F08C96B}
	EndGlobalSection
EndGlobal
